
Microsoft Visual Studio Solution File, Format Version 12.00
# Visual Studio Version 16
VisualStudioVersion = 16.0.29709.97
MinimumVisualStudioVersion = 10.0.40219.1
Project("{FAE04EC0-301F-11D3-BF4B-00C04F79EFBC}") = "WhileLoop", "WhileLoop\WhileLoop.csproj", "{997C3C38-95AD-4754-854B-A717EEEAB37D}"
EndProject
Global
	GlobalSection(SolutionConfigurationPlatforms) = preSolution
		Debug|Any CPU = Debug|Any CPU
		Release|Any CPU = Release|Any CPU
	EndGlobalSection
	GlobalSection(ProjectConfigurationPlatforms) = postSolution
		{997C3C38-95AD-4754-854B-A717EEEAB37D}.Debug|Any CPU.ActiveCfg = Debug|Any CPU
		{997C3C38-95AD-4754-854B-A717EEEAB37D}.Debug|Any CPU.Build.0 = Debug|Any CPU
		{997C3C38-95AD-4754-854B-A717EEEAB37D}.Release|Any CPU.ActiveCfg = Release|Any CPU
		{997C3C38-95AD-4754-854B-A717EEEAB37D}.Release|Any CPU.Build.0 = Release|Any CPU
	EndGlobalSection
	GlobalSection(SolutionProperties) = preSolution
		HideSolutionNode = FALSE
	EndGlobalSection
	GlobalSection(ExtensibilityGlobals) = postSolution
		SolutionGuid = {0DECE27A-DF29-47F5-895D-705A6D68FE83}
	EndGlobalSection
EndGlobal
